
Microsoft Visual Studio Solution File, Format Version 12.00
# Visual Studio Version 17
VisualStudioVersion = 17.3.32811.315
MinimumVisualStudioVersion = 10.0.40219.1
Project("{FAE04EC0-301F-11D3-BF4B-00C04F79EFBC}") = "Q14", "Q14\Q14.csproj", "{C52FEA1D-41CB-4CCC-AFB9-02B10630AC92}"
EndProject
Global
	GlobalSection(SolutionConfigurationPlatforms) = preSolution
		Debug|Any CPU = Debug|Any CPU
		Release|Any CPU = Release|Any CPU
	EndGlobalSection
	GlobalSection(ProjectConfigurationPlatforms) = postSolution
		{C52FEA1D-41CB-4CCC-AFB9-02B10630AC92}.Debug|Any CPU.ActiveCfg = Debug|Any CPU
		{C52FEA1D-41CB-4CCC-AFB9-02B10630AC92}.Debug|Any CPU.Build.0 = Debug|Any CPU
		{C52FEA1D-41CB-4CCC-AFB9-02B10630AC92}.Release|Any CPU.ActiveCfg = Release|Any CPU
		{C52FEA1D-41CB-4CCC-AFB9-02B10630AC92}.Release|Any CPU.Build.0 = Release|Any CPU
	EndGlobalSection
	GlobalSection(SolutionProperties) = preSolution
		HideSolutionNode = FALSE
	EndGlobalSection
	GlobalSection(ExtensibilityGlobals) = postSolution
		SolutionGuid = {440D9CE2-9AE7-4AA6-AD75-BDE4602A2EC9}
	EndGlobalSection
EndGlobal
