
Microsoft Visual Studio Solution File, Format Version 12.00
# Visual Studio Version 17
VisualStudioVersion = 17.3.32804.467
MinimumVisualStudioVersion = 10.0.40219.1
Project("{FAE04EC0-301F-11D3-BF4B-00C04F79EFBC}") = "Q18", "Q18\Q18.csproj", "{E1B7190B-A36F-404A-8DAF-687834060705}"
EndProject
Global
	GlobalSection(SolutionConfigurationPlatforms) = preSolution
		Debug|Any CPU = Debug|Any CPU
		Release|Any CPU = Release|Any CPU
	EndGlobalSection
	GlobalSection(ProjectConfigurationPlatforms) = postSolution
		{E1B7190B-A36F-404A-8DAF-687834060705}.Debug|Any CPU.ActiveCfg = Debug|Any CPU
		{E1B7190B-A36F-404A-8DAF-687834060705}.Debug|Any CPU.Build.0 = Debug|Any CPU
		{E1B7190B-A36F-404A-8DAF-687834060705}.Release|Any CPU.ActiveCfg = Release|Any CPU
		{E1B7190B-A36F-404A-8DAF-687834060705}.Release|Any CPU.Build.0 = Release|Any CPU
	EndGlobalSection
	GlobalSection(SolutionProperties) = preSolution
		HideSolutionNode = FALSE
	EndGlobalSection
	GlobalSection(ExtensibilityGlobals) = postSolution
		SolutionGuid = {6201D5B0-06EC-4C58-BEB2-7345D6EEF980}
	EndGlobalSection
EndGlobal
