
Microsoft Visual Studio Solution File, Format Version 12.00
# Visual Studio Version 17
VisualStudioVersion = 17.2.32630.192
MinimumVisualStudioVersion = 10.0.40219.1
Project("{FAE04EC0-301F-11D3-BF4B-00C04F79EFBC}") = "Q4", "Q4\Q4.csproj", "{49EB910A-6C28-4397-9299-548B4C00462B}"
EndProject
Global
	GlobalSection(SolutionConfigurationPlatforms) = preSolution
		Debug|Any CPU = Debug|Any CPU
		Release|Any CPU = Release|Any CPU
	EndGlobalSection
	GlobalSection(ProjectConfigurationPlatforms) = postSolution
		{49EB910A-6C28-4397-9299-548B4C00462B}.Debug|Any CPU.ActiveCfg = Debug|Any CPU
		{49EB910A-6C28-4397-9299-548B4C00462B}.Debug|Any CPU.Build.0 = Debug|Any CPU
		{49EB910A-6C28-4397-9299-548B4C00462B}.Release|Any CPU.ActiveCfg = Release|Any CPU
		{49EB910A-6C28-4397-9299-548B4C00462B}.Release|Any CPU.Build.0 = Release|Any CPU
	EndGlobalSection
	GlobalSection(SolutionProperties) = preSolution
		HideSolutionNode = FALSE
	EndGlobalSection
	GlobalSection(ExtensibilityGlobals) = postSolution
		SolutionGuid = {4893E192-9D14-4660-B292-6853BCBB5798}
	EndGlobalSection
EndGlobal
