
Microsoft Visual Studio Solution File, Format Version 12.00
# Visual Studio Version 17
VisualStudioVersion = 17.3.32811.315
MinimumVisualStudioVersion = 10.0.40219.1
Project("{FAE04EC0-301F-11D3-BF4B-00C04F79EFBC}") = "piyramid", "piyramid\piyramid.csproj", "{64107D83-82D1-424F-8257-4519FF710F92}"
EndProject
Global
	GlobalSection(SolutionConfigurationPlatforms) = preSolution
		Debug|Any CPU = Debug|Any CPU
		Release|Any CPU = Release|Any CPU
	EndGlobalSection
	GlobalSection(ProjectConfigurationPlatforms) = postSolution
		{64107D83-82D1-424F-8257-4519FF710F92}.Debug|Any CPU.ActiveCfg = Debug|Any CPU
		{64107D83-82D1-424F-8257-4519FF710F92}.Debug|Any CPU.Build.0 = Debug|Any CPU
		{64107D83-82D1-424F-8257-4519FF710F92}.Release|Any CPU.ActiveCfg = Release|Any CPU
		{64107D83-82D1-424F-8257-4519FF710F92}.Release|Any CPU.Build.0 = Release|Any CPU
	EndGlobalSection
	GlobalSection(SolutionProperties) = preSolution
		HideSolutionNode = FALSE
	EndGlobalSection
	GlobalSection(ExtensibilityGlobals) = postSolution
		SolutionGuid = {293223CD-6380-4555-9716-2BA9187BECC6}
	EndGlobalSection
EndGlobal
