
Microsoft Visual Studio Solution File, Format Version 12.00
# Visual Studio Version 17
VisualStudioVersion = 17.2.32630.192
MinimumVisualStudioVersion = 10.0.40219.1
Project("{FAE04EC0-301F-11D3-BF4B-00C04F79EFBC}") = "Q8", "Q8\Q8.csproj", "{42DFFED1-D8DC-45DC-B74A-D54340A9669A}"
EndProject
Global
	GlobalSection(SolutionConfigurationPlatforms) = preSolution
		Debug|Any CPU = Debug|Any CPU
		Release|Any CPU = Release|Any CPU
	EndGlobalSection
	GlobalSection(ProjectConfigurationPlatforms) = postSolution
		{42DFFED1-D8DC-45DC-B74A-D54340A9669A}.Debug|Any CPU.ActiveCfg = Debug|Any CPU
		{42DFFED1-D8DC-45DC-B74A-D54340A9669A}.Debug|Any CPU.Build.0 = Debug|Any CPU
		{42DFFED1-D8DC-45DC-B74A-D54340A9669A}.Release|Any CPU.ActiveCfg = Release|Any CPU
		{42DFFED1-D8DC-45DC-B74A-D54340A9669A}.Release|Any CPU.Build.0 = Release|Any CPU
	EndGlobalSection
	GlobalSection(SolutionProperties) = preSolution
		HideSolutionNode = FALSE
	EndGlobalSection
	GlobalSection(ExtensibilityGlobals) = postSolution
		SolutionGuid = {0DEABB78-5E38-4445-A0BB-A1B6EDBE71B2}
	EndGlobalSection
EndGlobal
